
Microsoft Visual Studio Solution File, Format Version 12.00
# Visual Studio 15
VisualStudioVersion = 15.0.27004.2002
MinimumVisualStudioVersion = 10.0.40219.1
Project("{FAE04EC0-301F-11D3-BF4B-00C04F79EFBC}") = "dpdrole", "dpdrole\dpdrole.csproj", "{A30533F6-2753-434E-8A8C-C68239C86267}"
EndProject
Project("{FAE04EC0-301F-11D3-BF4B-00C04F79EFBC}") = "dpdrole.Tests", "dpdrole.Tests\dpdrole.Tests.csproj", "{2308D49A-CEFB-4C2A-8F99-F6BAE3A48F3F}"
EndProject
Project("{2150E333-8FDC-42A3-9474-1A3956D46DE8}") = "Solution Items", "Solution Items", "{12C1A8A0-5367-49DF-A20B-2C11B10C6011}"
	ProjectSection(SolutionItems) = preProject
		README.md = README.md
	EndProjectSection
EndProject
Global
	GlobalSection(SolutionConfigurationPlatforms) = preSolution
		Debug|Any CPU = Debug|Any CPU
		Release|Any CPU = Release|Any CPU
	EndGlobalSection
	GlobalSection(ProjectConfigurationPlatforms) = postSolution
		{A30533F6-2753-434E-8A8C-C68239C86267}.Debug|Any CPU.ActiveCfg = Debug|Any CPU
		{A30533F6-2753-434E-8A8C-C68239C86267}.Debug|Any CPU.Build.0 = Debug|Any CPU
		{A30533F6-2753-434E-8A8C-C68239C86267}.Release|Any CPU.ActiveCfg = Release|Any CPU
		{A30533F6-2753-434E-8A8C-C68239C86267}.Release|Any CPU.Build.0 = Release|Any CPU
		{2308D49A-CEFB-4C2A-8F99-F6BAE3A48F3F}.Debug|Any CPU.ActiveCfg = Debug|Any CPU
		{2308D49A-CEFB-4C2A-8F99-F6BAE3A48F3F}.Debug|Any CPU.Build.0 = Debug|Any CPU
		{2308D49A-CEFB-4C2A-8F99-F6BAE3A48F3F}.Release|Any CPU.ActiveCfg = Release|Any CPU
		{2308D49A-CEFB-4C2A-8F99-F6BAE3A48F3F}.Release|Any CPU.Build.0 = Release|Any CPU
	EndGlobalSection
	GlobalSection(SolutionProperties) = preSolution
		HideSolutionNode = FALSE
	EndGlobalSection
	GlobalSection(ExtensibilityGlobals) = postSolution
		SolutionGuid = {0872BB88-C722-4FCA-88B0-9F1CBF20D527}
	EndGlobalSection
EndGlobal
